
Microsoft Visual Studio Solution File, Format Version 12.00
# Visual Studio Version 17
VisualStudioVersion = 17.8.34601.278
MinimumVisualStudioVersion = 10.0.40219.1
Project("{FAE04EC0-301F-11D3-BF4B-00C04F79EFBC}") = "TcUnrollEnum", "TcUnrollEnum\TcUnrollEnum.csproj", "{B937EA99-8D3E-450E-8F70-DE85A805277A}"
EndProject
Global
	GlobalSection(SolutionConfigurationPlatforms) = preSolution
		Debug|Any CPU = Debug|Any CPU
		Release|Any CPU = Release|Any CPU
	EndGlobalSection
	GlobalSection(ProjectConfigurationPlatforms) = postSolution
		{B937EA99-8D3E-450E-8F70-DE85A805277A}.Debug|Any CPU.ActiveCfg = Debug|Any CPU
		{B937EA99-8D3E-450E-8F70-DE85A805277A}.Debug|Any CPU.Build.0 = Debug|Any CPU
		{B937EA99-8D3E-450E-8F70-DE85A805277A}.Release|Any CPU.ActiveCfg = Release|Any CPU
		{B937EA99-8D3E-450E-8F70-DE85A805277A}.Release|Any CPU.Build.0 = Release|Any CPU
	EndGlobalSection
	GlobalSection(SolutionProperties) = preSolution
		HideSolutionNode = FALSE
	EndGlobalSection
	GlobalSection(ExtensibilityGlobals) = postSolution
		SolutionGuid = {83392A2E-D0D9-4C93-9ECF-3B8A3654C895}
	EndGlobalSection
EndGlobal
